
Microsoft Visual Studio Solution File, Format Version 12.00
# Visual Studio Version 17
VisualStudioVersion = 17.14.36025.13 d17.14
MinimumVisualStudioVersion = 10.0.40219.1
Project("{FAE04EC0-301F-11D3-BF4B-00C04F79EFBC}") = "ARYA1", "ARYA1\ARYA1.csproj", "{01EFF185-9D65-4237-B7CD-F2418D06DFAB}"
EndProject
Global
	GlobalSection(SolutionConfigurationPlatforms) = preSolution
		Debug|Any CPU = Debug|Any CPU
		Release|Any CPU = Release|Any CPU
	EndGlobalSection
	GlobalSection(ProjectConfigurationPlatforms) = postSolution
		{01EFF185-9D65-4237-B7CD-F2418D06DFAB}.Debug|Any CPU.ActiveCfg = Debug|Any CPU
		{01EFF185-9D65-4237-B7CD-F2418D06DFAB}.Debug|Any CPU.Build.0 = Debug|Any CPU
		{01EFF185-9D65-4237-B7CD-F2418D06DFAB}.Release|Any CPU.ActiveCfg = Release|Any CPU
		{01EFF185-9D65-4237-B7CD-F2418D06DFAB}.Release|Any CPU.Build.0 = Release|Any CPU
	EndGlobalSection
	GlobalSection(SolutionProperties) = preSolution
		HideSolutionNode = FALSE
	EndGlobalSection
	GlobalSection(ExtensibilityGlobals) = postSolution
		SolutionGuid = {D9D32DF5-9C0C-4B47-B555-04CCA2E6C409}
	EndGlobalSection
EndGlobal
